
Microsoft Visual Studio Solution File, Format Version 12.00
# Visual Studio Version 16
VisualStudioVersion = 16.0.35229.62
MinimumVisualStudioVersion = 10.0.40219.1
Project("{F184B08F-C81C-45F6-A57F-5ABD9991F28F}") = "Ejer30MDBdesconectado", "Ejer30MDBdesconectado\Ejer30MDBdesconectado.vbproj", "{1F8FBDD1-CE83-46A8-838D-EF4FBBB1E3DC}"
EndProject
Global
	GlobalSection(SolutionConfigurationPlatforms) = preSolution
		Debug|Any CPU = Debug|Any CPU
		Release|Any CPU = Release|Any CPU
	EndGlobalSection
	GlobalSection(ProjectConfigurationPlatforms) = postSolution
		{1F8FBDD1-CE83-46A8-838D-EF4FBBB1E3DC}.Debug|Any CPU.ActiveCfg = Debug|Any CPU
		{1F8FBDD1-CE83-46A8-838D-EF4FBBB1E3DC}.Debug|Any CPU.Build.0 = Debug|Any CPU
		{1F8FBDD1-CE83-46A8-838D-EF4FBBB1E3DC}.Release|Any CPU.ActiveCfg = Release|Any CPU
		{1F8FBDD1-CE83-46A8-838D-EF4FBBB1E3DC}.Release|Any CPU.Build.0 = Release|Any CPU
	EndGlobalSection
	GlobalSection(SolutionProperties) = preSolution
		HideSolutionNode = FALSE
	EndGlobalSection
	GlobalSection(ExtensibilityGlobals) = postSolution
		SolutionGuid = {EB00DC43-28B6-4C4E-9AF2-777F87D44544}
	EndGlobalSection
EndGlobal
