
Microsoft Visual Studio Solution File, Format Version 12.00
# Visual Studio Version 16
VisualStudioVersion = 16.0.35229.62
MinimumVisualStudioVersion = 10.0.40219.1
Project("{F184B08F-C81C-45F6-A57F-5ABD9991F28F}") = "Ejer10", "Ejer10\Ejer10.vbproj", "{5B1591F9-829B-4DF0-9CF3-7794C83D0F4E}"
EndProject
Global
	GlobalSection(SolutionConfigurationPlatforms) = preSolution
		Debug|Any CPU = Debug|Any CPU
		Release|Any CPU = Release|Any CPU
	EndGlobalSection
	GlobalSection(ProjectConfigurationPlatforms) = postSolution
		{5B1591F9-829B-4DF0-9CF3-7794C83D0F4E}.Debug|Any CPU.ActiveCfg = Debug|Any CPU
		{5B1591F9-829B-4DF0-9CF3-7794C83D0F4E}.Debug|Any CPU.Build.0 = Debug|Any CPU
		{5B1591F9-829B-4DF0-9CF3-7794C83D0F4E}.Release|Any CPU.ActiveCfg = Release|Any CPU
		{5B1591F9-829B-4DF0-9CF3-7794C83D0F4E}.Release|Any CPU.Build.0 = Release|Any CPU
	EndGlobalSection
	GlobalSection(SolutionProperties) = preSolution
		HideSolutionNode = FALSE
	EndGlobalSection
	GlobalSection(ExtensibilityGlobals) = postSolution
		SolutionGuid = {DE936F48-9588-4E00-A63E-CBA863B3F7F4}
	EndGlobalSection
EndGlobal
