
Microsoft Visual Studio Solution File, Format Version 12.00
# Visual Studio Version 16
VisualStudioVersion = 16.0.35229.62
MinimumVisualStudioVersion = 10.0.40219.1
Project("{F184B08F-C81C-45F6-A57F-5ABD9991F28F}") = "Ejer22", "Ejer22\Ejer22.vbproj", "{9D3E45CF-5806-4DD4-A168-AA6CDF16F593}"
EndProject
Global
	GlobalSection(SolutionConfigurationPlatforms) = preSolution
		Debug|Any CPU = Debug|Any CPU
		Release|Any CPU = Release|Any CPU
	EndGlobalSection
	GlobalSection(ProjectConfigurationPlatforms) = postSolution
		{9D3E45CF-5806-4DD4-A168-AA6CDF16F593}.Debug|Any CPU.ActiveCfg = Debug|Any CPU
		{9D3E45CF-5806-4DD4-A168-AA6CDF16F593}.Debug|Any CPU.Build.0 = Debug|Any CPU
		{9D3E45CF-5806-4DD4-A168-AA6CDF16F593}.Release|Any CPU.ActiveCfg = Release|Any CPU
		{9D3E45CF-5806-4DD4-A168-AA6CDF16F593}.Release|Any CPU.Build.0 = Release|Any CPU
	EndGlobalSection
	GlobalSection(SolutionProperties) = preSolution
		HideSolutionNode = FALSE
	EndGlobalSection
	GlobalSection(ExtensibilityGlobals) = postSolution
		SolutionGuid = {03F654F6-ACAF-40EF-9A3F-8A08C02376A0}
	EndGlobalSection
EndGlobal
