
Microsoft Visual Studio Solution File, Format Version 12.00
# Visual Studio Version 16
VisualStudioVersion = 16.0.35229.62
MinimumVisualStudioVersion = 10.0.40219.1
Project("{F184B08F-C81C-45F6-A57F-5ABD9991F28F}") = "Ejer20_scrollbar", "Ejer20_scrollbar\Ejer20_scrollbar.vbproj", "{AA0A89C7-3B6A-487F-8319-A2279B6FA680}"
EndProject
Global
	GlobalSection(SolutionConfigurationPlatforms) = preSolution
		Debug|Any CPU = Debug|Any CPU
		Release|Any CPU = Release|Any CPU
	EndGlobalSection
	GlobalSection(ProjectConfigurationPlatforms) = postSolution
		{AA0A89C7-3B6A-487F-8319-A2279B6FA680}.Debug|Any CPU.ActiveCfg = Debug|Any CPU
		{AA0A89C7-3B6A-487F-8319-A2279B6FA680}.Debug|Any CPU.Build.0 = Debug|Any CPU
		{AA0A89C7-3B6A-487F-8319-A2279B6FA680}.Release|Any CPU.ActiveCfg = Release|Any CPU
		{AA0A89C7-3B6A-487F-8319-A2279B6FA680}.Release|Any CPU.Build.0 = Release|Any CPU
	EndGlobalSection
	GlobalSection(SolutionProperties) = preSolution
		HideSolutionNode = FALSE
	EndGlobalSection
	GlobalSection(ExtensibilityGlobals) = postSolution
		SolutionGuid = {79A0573A-B6CA-4D5B-8EF8-04A99E24442D}
	EndGlobalSection
EndGlobal
