
Microsoft Visual Studio Solution File, Format Version 12.00
# Visual Studio Version 16
VisualStudioVersion = 16.0.35229.62
MinimumVisualStudioVersion = 10.0.40219.1
Project("{F184B08F-C81C-45F6-A57F-5ABD9991F28F}") = "Ejer4prestamo", "Ejer4prestamo\Ejer4prestamo.vbproj", "{2AC3B7FF-CC80-4C84-AAB0-B3F17872394E}"
EndProject
Global
	GlobalSection(SolutionConfigurationPlatforms) = preSolution
		Debug|Any CPU = Debug|Any CPU
		Release|Any CPU = Release|Any CPU
	EndGlobalSection
	GlobalSection(ProjectConfigurationPlatforms) = postSolution
		{2AC3B7FF-CC80-4C84-AAB0-B3F17872394E}.Debug|Any CPU.ActiveCfg = Debug|Any CPU
		{2AC3B7FF-CC80-4C84-AAB0-B3F17872394E}.Debug|Any CPU.Build.0 = Debug|Any CPU
		{2AC3B7FF-CC80-4C84-AAB0-B3F17872394E}.Release|Any CPU.ActiveCfg = Release|Any CPU
		{2AC3B7FF-CC80-4C84-AAB0-B3F17872394E}.Release|Any CPU.Build.0 = Release|Any CPU
	EndGlobalSection
	GlobalSection(SolutionProperties) = preSolution
		HideSolutionNode = FALSE
	EndGlobalSection
	GlobalSection(ExtensibilityGlobals) = postSolution
		SolutionGuid = {6809000E-119F-4373-9AA9-110C8D9DFE76}
	EndGlobalSection
EndGlobal
